
Microsoft Visual Studio Solution File, Format Version 12.00
# Visual Studio Version 16
VisualStudioVersion = 16.0.30114.105
MinimumVisualStudioVersion = 10.0.40219.1
Project("{FAE04EC0-301F-11D3-BF4B-00C04F79EFBC}") = "ZanduCore", "ZanduCore\ZanduCore.csproj", "{0342A8FF-D457-4094-8DA2-094F9BC1AE02}"
EndProject
Project("{FAE04EC0-301F-11D3-BF4B-00C04F79EFBC}") = "ZanduIdentity", "ZanduIdentity\ZanduIdentity.csproj", "{3E7F27BF-FEC0-4149-AC1D-D85E790D026A}"
EndProject
Global
	GlobalSection(SolutionConfigurationPlatforms) = preSolution
		Debug|Any CPU = Debug|Any CPU
		Debug|x64 = Debug|x64
		Debug|x86 = Debug|x86
		Release|Any CPU = Release|Any CPU
		Release|x64 = Release|x64
		Release|x86 = Release|x86
	EndGlobalSection
	GlobalSection(SolutionProperties) = preSolution
		HideSolutionNode = FALSE
	EndGlobalSection
	GlobalSection(ProjectConfigurationPlatforms) = postSolution
		{0342A8FF-D457-4094-8DA2-094F9BC1AE02}.Debug|Any CPU.ActiveCfg = Debug|Any CPU
		{0342A8FF-D457-4094-8DA2-094F9BC1AE02}.Debug|Any CPU.Build.0 = Debug|Any CPU
		{0342A8FF-D457-4094-8DA2-094F9BC1AE02}.Debug|x64.ActiveCfg = Debug|Any CPU
		{0342A8FF-D457-4094-8DA2-094F9BC1AE02}.Debug|x64.Build.0 = Debug|Any CPU
		{0342A8FF-D457-4094-8DA2-094F9BC1AE02}.Debug|x86.ActiveCfg = Debug|Any CPU
		{0342A8FF-D457-4094-8DA2-094F9BC1AE02}.Debug|x86.Build.0 = Debug|Any CPU
		{0342A8FF-D457-4094-8DA2-094F9BC1AE02}.Release|Any CPU.ActiveCfg = Release|Any CPU
		{0342A8FF-D457-4094-8DA2-094F9BC1AE02}.Release|Any CPU.Build.0 = Release|Any CPU
		{0342A8FF-D457-4094-8DA2-094F9BC1AE02}.Release|x64.ActiveCfg = Release|Any CPU
		{0342A8FF-D457-4094-8DA2-094F9BC1AE02}.Release|x64.Build.0 = Release|Any CPU
		{0342A8FF-D457-4094-8DA2-094F9BC1AE02}.Release|x86.ActiveCfg = Release|Any CPU
		{0342A8FF-D457-4094-8DA2-094F9BC1AE02}.Release|x86.Build.0 = Release|Any CPU
		{3E7F27BF-FEC0-4149-AC1D-D85E790D026A}.Debug|Any CPU.ActiveCfg = Debug|Any CPU
		{3E7F27BF-FEC0-4149-AC1D-D85E790D026A}.Debug|Any CPU.Build.0 = Debug|Any CPU
		{3E7F27BF-FEC0-4149-AC1D-D85E790D026A}.Debug|x64.ActiveCfg = Debug|Any CPU
		{3E7F27BF-FEC0-4149-AC1D-D85E790D026A}.Debug|x64.Build.0 = Debug|Any CPU
		{3E7F27BF-FEC0-4149-AC1D-D85E790D026A}.Debug|x86.ActiveCfg = Debug|Any CPU
		{3E7F27BF-FEC0-4149-AC1D-D85E790D026A}.Debug|x86.Build.0 = Debug|Any CPU
		{3E7F27BF-FEC0-4149-AC1D-D85E790D026A}.Release|Any CPU.ActiveCfg = Release|Any CPU
		{3E7F27BF-FEC0-4149-AC1D-D85E790D026A}.Release|Any CPU.Build.0 = Release|Any CPU
		{3E7F27BF-FEC0-4149-AC1D-D85E790D026A}.Release|x64.ActiveCfg = Release|Any CPU
		{3E7F27BF-FEC0-4149-AC1D-D85E790D026A}.Release|x64.Build.0 = Release|Any CPU
		{3E7F27BF-FEC0-4149-AC1D-D85E790D026A}.Release|x86.ActiveCfg = Release|Any CPU
		{3E7F27BF-FEC0-4149-AC1D-D85E790D026A}.Release|x86.Build.0 = Release|Any CPU
	EndGlobalSection
EndGlobal
